
Microsoft Visual Studio Solution File, Format Version 12.00
# Visual Studio 15
VisualStudioVersion = 15.0.28307.1169
MinimumVisualStudioVersion = 10.0.40219.1
Project("{FAE04EC0-301F-11D3-BF4B-00C04F79EFBC}") = "delivery.Android", "delivery\delivery.Android\delivery.Android.csproj", "{7E2321F9-61B0-43BC-BA6B-0FA21FD45333}"
EndProject
Project("{FAE04EC0-301F-11D3-BF4B-00C04F79EFBC}") = "delivery.iOS", "delivery\delivery.iOS\delivery.iOS.csproj", "{E4476F0E-E62D-4945-B63B-3BCC8F22E0D1}"
EndProject
Project("{FAE04EC0-301F-11D3-BF4B-00C04F79EFBC}") = "delivery", "delivery\delivery\delivery.csproj", "{89AFDF77-782D-41A0-8B29-A8F509A675EE}"
EndProject
Global
	GlobalSection(SolutionConfigurationPlatforms) = preSolution
		Ad-Hoc|Any CPU = Ad-Hoc|Any CPU
		Ad-Hoc|iPhone = Ad-Hoc|iPhone
		Ad-Hoc|iPhoneSimulator = Ad-Hoc|iPhoneSimulator
		AppStore|Any CPU = AppStore|Any CPU
		AppStore|iPhone = AppStore|iPhone
		AppStore|iPhoneSimulator = AppStore|iPhoneSimulator
		Debug|Any CPU = Debug|Any CPU
		Debug|iPhone = Debug|iPhone
		Debug|iPhoneSimulator = Debug|iPhoneSimulator
		Release|Any CPU = Release|Any CPU
		Release|iPhone = Release|iPhone
		Release|iPhoneSimulator = Release|iPhoneSimulator
	EndGlobalSection
	GlobalSection(ProjectConfigurationPlatforms) = postSolution
		{7E2321F9-61B0-43BC-BA6B-0FA21FD45333}.Ad-Hoc|Any CPU.ActiveCfg = Release|Any CPU
		{7E2321F9-61B0-43BC-BA6B-0FA21FD45333}.Ad-Hoc|Any CPU.Build.0 = Release|Any CPU
		{7E2321F9-61B0-43BC-BA6B-0FA21FD45333}.Ad-Hoc|Any CPU.Deploy.0 = Release|Any CPU
		{7E2321F9-61B0-43BC-BA6B-0FA21FD45333}.Ad-Hoc|iPhone.ActiveCfg = Release|Any CPU
		{7E2321F9-61B0-43BC-BA6B-0FA21FD45333}.Ad-Hoc|iPhone.Build.0 = Release|Any CPU
		{7E2321F9-61B0-43BC-BA6B-0FA21FD45333}.Ad-Hoc|iPhone.Deploy.0 = Release|Any CPU
		{7E2321F9-61B0-43BC-BA6B-0FA21FD45333}.Ad-Hoc|iPhoneSimulator.ActiveCfg = Release|Any CPU
		{7E2321F9-61B0-43BC-BA6B-0FA21FD45333}.Ad-Hoc|iPhoneSimulator.Build.0 = Release|Any CPU
		{7E2321F9-61B0-43BC-BA6B-0FA21FD45333}.Ad-Hoc|iPhoneSimulator.Deploy.0 = Release|Any CPU
		{7E2321F9-61B0-43BC-BA6B-0FA21FD45333}.AppStore|Any CPU.ActiveCfg = Release|Any CPU
		{7E2321F9-61B0-43BC-BA6B-0FA21FD45333}.AppStore|Any CPU.Build.0 = Release|Any CPU
		{7E2321F9-61B0-43BC-BA6B-0FA21FD45333}.AppStore|Any CPU.Deploy.0 = Release|Any CPU
		{7E2321F9-61B0-43BC-BA6B-0FA21FD45333}.AppStore|iPhone.ActiveCfg = Release|Any CPU
		{7E2321F9-61B0-43BC-BA6B-0FA21FD45333}.AppStore|iPhone.Build.0 = Release|Any CPU
		{7E2321F9-61B0-43BC-BA6B-0FA21FD45333}.AppStore|iPhone.Deploy.0 = Release|Any CPU
		{7E2321F9-61B0-43BC-BA6B-0FA21FD45333}.AppStore|iPhoneSimulator.ActiveCfg = Release|Any CPU
		{7E2321F9-61B0-43BC-BA6B-0FA21FD45333}.AppStore|iPhoneSimulator.Build.0 = Release|Any CPU
		{7E2321F9-61B0-43BC-BA6B-0FA21FD45333}.AppStore|iPhoneSimulator.Deploy.0 = Release|Any CPU
		{7E2321F9-61B0-43BC-BA6B-0FA21FD45333}.Debug|Any CPU.ActiveCfg = Debug|Any CPU
		{7E2321F9-61B0-43BC-BA6B-0FA21FD45333}.Debug|Any CPU.Build.0 = Debug|Any CPU
		{7E2321F9-61B0-43BC-BA6B-0FA21FD45333}.Debug|Any CPU.Deploy.0 = Debug|Any CPU
		{7E2321F9-61B0-43BC-BA6B-0FA21FD45333}.Debug|iPhone.ActiveCfg = Debug|Any CPU
		{7E2321F9-61B0-43BC-BA6B-0FA21FD45333}.Debug|iPhone.Build.0 = Debug|Any CPU
		{7E2321F9-61B0-43BC-BA6B-0FA21FD45333}.Debug|iPhone.Deploy.0 = Debug|Any CPU
		{7E2321F9-61B0-43BC-BA6B-0FA21FD45333}.Debug|iPhoneSimulator.ActiveCfg = Debug|Any CPU
		{7E2321F9-61B0-43BC-BA6B-0FA21FD45333}.Debug|iPhoneSimulator.Build.0 = Debug|Any CPU
		{7E2321F9-61B0-43BC-BA6B-0FA21FD45333}.Debug|iPhoneSimulator.Deploy.0 = Debug|Any CPU
		{7E2321F9-61B0-43BC-BA6B-0FA21FD45333}.Release|Any CPU.ActiveCfg = Release|Any CPU
		{7E2321F9-61B0-43BC-BA6B-0FA21FD45333}.Release|Any CPU.Build.0 = Release|Any CPU
		{7E2321F9-61B0-43BC-BA6B-0FA21FD45333}.Release|Any CPU.Deploy.0 = Release|Any CPU
		{7E2321F9-61B0-43BC-BA6B-0FA21FD45333}.Release|iPhone.ActiveCfg = Release|Any CPU
		{7E2321F9-61B0-43BC-BA6B-0FA21FD45333}.Release|iPhone.Build.0 = Release|Any CPU
		{7E2321F9-61B0-43BC-BA6B-0FA21FD45333}.Release|iPhone.Deploy.0 = Release|Any CPU
		{7E2321F9-61B0-43BC-BA6B-0FA21FD45333}.Release|iPhoneSimulator.ActiveCfg = Release|Any CPU
		{7E2321F9-61B0-43BC-BA6B-0FA21FD45333}.Release|iPhoneSimulator.Build.0 = Release|Any CPU
		{7E2321F9-61B0-43BC-BA6B-0FA21FD45333}.Release|iPhoneSimulator.Deploy.0 = Release|Any CPU
		{E4476F0E-E62D-4945-B63B-3BCC8F22E0D1}.Ad-Hoc|Any CPU.ActiveCfg = Ad-Hoc|iPhone
		{E4476F0E-E62D-4945-B63B-3BCC8F22E0D1}.Ad-Hoc|Any CPU.Build.0 = Ad-Hoc|iPhone
		{E4476F0E-E62D-4945-B63B-3BCC8F22E0D1}.Ad-Hoc|Any CPU.Deploy.0 = Ad-Hoc|iPhone
		{E4476F0E-E62D-4945-B63B-3BCC8F22E0D1}.Ad-Hoc|iPhone.ActiveCfg = Ad-Hoc|iPhone
		{E4476F0E-E62D-4945-B63B-3BCC8F22E0D1}.Ad-Hoc|iPhone.Build.0 = Ad-Hoc|iPhone
		{E4476F0E-E62D-4945-B63B-3BCC8F22E0D1}.Ad-Hoc|iPhone.Deploy.0 = Ad-Hoc|iPhone
		{E4476F0E-E62D-4945-B63B-3BCC8F22E0D1}.Ad-Hoc|iPhoneSimulator.ActiveCfg = Ad-Hoc|iPhoneSimulator
		{E4476F0E-E62D-4945-B63B-3BCC8F22E0D1}.Ad-Hoc|iPhoneSimulator.Build.0 = Ad-Hoc|iPhoneSimulator
		{E4476F0E-E62D-4945-B63B-3BCC8F22E0D1}.Ad-Hoc|iPhoneSimulator.Deploy.0 = Ad-Hoc|iPhoneSimulator
		{E4476F0E-E62D-4945-B63B-3BCC8F22E0D1}.AppStore|Any CPU.ActiveCfg = AppStore|iPhone
		{E4476F0E-E62D-4945-B63B-3BCC8F22E0D1}.AppStore|Any CPU.Build.0 = AppStore|iPhone
		{E4476F0E-E62D-4945-B63B-3BCC8F22E0D1}.AppStore|Any CPU.Deploy.0 = AppStore|iPhone
		{E4476F0E-E62D-4945-B63B-3BCC8F22E0D1}.AppStore|iPhone.ActiveCfg = AppStore|iPhone
		{E4476F0E-E62D-4945-B63B-3BCC8F22E0D1}.AppStore|iPhone.Build.0 = AppStore|iPhone
		{E4476F0E-E62D-4945-B63B-3BCC8F22E0D1}.AppStore|iPhone.Deploy.0 = AppStore|iPhone
		{E4476F0E-E62D-4945-B63B-3BCC8F22E0D1}.AppStore|iPhoneSimulator.ActiveCfg = AppStore|iPhoneSimulator
		{E4476F0E-E62D-4945-B63B-3BCC8F22E0D1}.AppStore|iPhoneSimulator.Build.0 = AppStore|iPhoneSimulator
		{E4476F0E-E62D-4945-B63B-3BCC8F22E0D1}.AppStore|iPhoneSimulator.Deploy.0 = AppStore|iPhoneSimulator
		{E4476F0E-E62D-4945-B63B-3BCC8F22E0D1}.Debug|Any CPU.ActiveCfg = Debug|iPhoneSimulator
		{E4476F0E-E62D-4945-B63B-3BCC8F22E0D1}.Debug|Any CPU.Build.0 = Debug|iPhoneSimulator
		{E4476F0E-E62D-4945-B63B-3BCC8F22E0D1}.Debug|Any CPU.Deploy.0 = Debug|iPhoneSimulator
		{E4476F0E-E62D-4945-B63B-3BCC8F22E0D1}.Debug|iPhone.ActiveCfg = Debug|iPhone
		{E4476F0E-E62D-4945-B63B-3BCC8F22E0D1}.Debug|iPhone.Build.0 = Debug|iPhone
		{E4476F0E-E62D-4945-B63B-3BCC8F22E0D1}.Debug|iPhone.Deploy.0 = Debug|iPhone
		{E4476F0E-E62D-4945-B63B-3BCC8F22E0D1}.Debug|iPhoneSimulator.ActiveCfg = Debug|iPhoneSimulator
		{E4476F0E-E62D-4945-B63B-3BCC8F22E0D1}.Debug|iPhoneSimulator.Build.0 = Debug|iPhoneSimulator
		{E4476F0E-E62D-4945-B63B-3BCC8F22E0D1}.Debug|iPhoneSimulator.Deploy.0 = Debug|iPhoneSimulator
		{E4476F0E-E62D-4945-B63B-3BCC8F22E0D1}.Release|Any CPU.ActiveCfg = Release|iPhone
		{E4476F0E-E62D-4945-B63B-3BCC8F22E0D1}.Release|Any CPU.Build.0 = Release|iPhone
		{E4476F0E-E62D-4945-B63B-3BCC8F22E0D1}.Release|Any CPU.Deploy.0 = Release|iPhone
		{E4476F0E-E62D-4945-B63B-3BCC8F22E0D1}.Release|iPhone.ActiveCfg = Release|iPhone
		{E4476F0E-E62D-4945-B63B-3BCC8F22E0D1}.Release|iPhone.Build.0 = Release|iPhone
		{E4476F0E-E62D-4945-B63B-3BCC8F22E0D1}.Release|iPhone.Deploy.0 = Release|iPhone
		{E4476F0E-E62D-4945-B63B-3BCC8F22E0D1}.Release|iPhoneSimulator.ActiveCfg = Release|iPhoneSimulator
		{E4476F0E-E62D-4945-B63B-3BCC8F22E0D1}.Release|iPhoneSimulator.Build.0 = Release|iPhoneSimulator
		{E4476F0E-E62D-4945-B63B-3BCC8F22E0D1}.Release|iPhoneSimulator.Deploy.0 = Release|iPhoneSimulator
		{89AFDF77-782D-41A0-8B29-A8F509A675EE}.Ad-Hoc|Any CPU.ActiveCfg = Debug|Any CPU
		{89AFDF77-782D-41A0-8B29-A8F509A675EE}.Ad-Hoc|Any CPU.Build.0 = Debug|Any CPU
		{89AFDF77-782D-41A0-8B29-A8F509A675EE}.Ad-Hoc|Any CPU.Deploy.0 = Debug|Any CPU
		{89AFDF77-782D-41A0-8B29-A8F509A675EE}.Ad-Hoc|iPhone.ActiveCfg = Debug|Any CPU
		{89AFDF77-782D-41A0-8B29-A8F509A675EE}.Ad-Hoc|iPhone.Build.0 = Debug|Any CPU
		{89AFDF77-782D-41A0-8B29-A8F509A675EE}.Ad-Hoc|iPhone.Deploy.0 = Debug|Any CPU
		{89AFDF77-782D-41A0-8B29-A8F509A675EE}.Ad-Hoc|iPhoneSimulator.ActiveCfg = Debug|Any CPU
		{89AFDF77-782D-41A0-8B29-A8F509A675EE}.Ad-Hoc|iPhoneSimulator.Build.0 = Debug|Any CPU
		{89AFDF77-782D-41A0-8B29-A8F509A675EE}.Ad-Hoc|iPhoneSimulator.Deploy.0 = Debug|Any CPU
		{89AFDF77-782D-41A0-8B29-A8F509A675EE}.AppStore|Any CPU.ActiveCfg = Debug|Any CPU
		{89AFDF77-782D-41A0-8B29-A8F509A675EE}.AppStore|Any CPU.Build.0 = Debug|Any CPU
		{89AFDF77-782D-41A0-8B29-A8F509A675EE}.AppStore|Any CPU.Deploy.0 = Debug|Any CPU
		{89AFDF77-782D-41A0-8B29-A8F509A675EE}.AppStore|iPhone.ActiveCfg = Debug|Any CPU
		{89AFDF77-782D-41A0-8B29-A8F509A675EE}.AppStore|iPhone.Build.0 = Debug|Any CPU
		{89AFDF77-782D-41A0-8B29-A8F509A675EE}.AppStore|iPhone.Deploy.0 = Debug|Any CPU
		{89AFDF77-782D-41A0-8B29-A8F509A675EE}.AppStore|iPhoneSimulator.ActiveCfg = Debug|Any CPU
		{89AFDF77-782D-41A0-8B29-A8F509A675EE}.AppStore|iPhoneSimulator.Build.0 = Debug|Any CPU
		{89AFDF77-782D-41A0-8B29-A8F509A675EE}.AppStore|iPhoneSimulator.Deploy.0 = Debug|Any CPU
		{89AFDF77-782D-41A0-8B29-A8F509A675EE}.Debug|Any CPU.ActiveCfg = Debug|Any CPU
		{89AFDF77-782D-41A0-8B29-A8F509A675EE}.Debug|Any CPU.Build.0 = Debug|Any CPU
		{89AFDF77-782D-41A0-8B29-A8F509A675EE}.Debug|Any CPU.Deploy.0 = Debug|Any CPU
		{89AFDF77-782D-41A0-8B29-A8F509A675EE}.Debug|iPhone.ActiveCfg = Debug|Any CPU
		{89AFDF77-782D-41A0-8B29-A8F509A675EE}.Debug|iPhone.Build.0 = Debug|Any CPU
		{89AFDF77-782D-41A0-8B29-A8F509A675EE}.Debug|iPhone.Deploy.0 = Debug|Any CPU
		{89AFDF77-782D-41A0-8B29-A8F509A675EE}.Debug|iPhoneSimulator.ActiveCfg = Debug|Any CPU
		{89AFDF77-782D-41A0-8B29-A8F509A675EE}.Debug|iPhoneSimulator.Build.0 = Debug|Any CPU
		{89AFDF77-782D-41A0-8B29-A8F509A675EE}.Debug|iPhoneSimulator.Deploy.0 = Debug|Any CPU
		{89AFDF77-782D-41A0-8B29-A8F509A675EE}.Release|Any CPU.ActiveCfg = Release|Any CPU
		{89AFDF77-782D-41A0-8B29-A8F509A675EE}.Release|Any CPU.Build.0 = Release|Any CPU
		{89AFDF77-782D-41A0-8B29-A8F509A675EE}.Release|Any CPU.Deploy.0 = Release|Any CPU
		{89AFDF77-782D-41A0-8B29-A8F509A675EE}.Release|iPhone.ActiveCfg = Release|Any CPU
		{89AFDF77-782D-41A0-8B29-A8F509A675EE}.Release|iPhone.Build.0 = Release|Any CPU
		{89AFDF77-782D-41A0-8B29-A8F509A675EE}.Release|iPhone.Deploy.0 = Release|Any CPU
		{89AFDF77-782D-41A0-8B29-A8F509A675EE}.Release|iPhoneSimulator.ActiveCfg = Release|Any CPU
		{89AFDF77-782D-41A0-8B29-A8F509A675EE}.Release|iPhoneSimulator.Build.0 = Release|Any CPU
		{89AFDF77-782D-41A0-8B29-A8F509A675EE}.Release|iPhoneSimulator.Deploy.0 = Release|Any CPU
	EndGlobalSection
	GlobalSection(SolutionProperties) = preSolution
		HideSolutionNode = FALSE
	EndGlobalSection
	GlobalSection(ExtensibilityGlobals) = postSolution
		SolutionGuid = {CB1B26E8-CD6D-474B-B9EB-CE6AD63D2B22}
	EndGlobalSection
EndGlobal
